
Microsoft Visual Studio Solution File, Format Version 12.00
# Visual Studio 14
VisualStudioVersion = 14.0.23107.0
MinimumVisualStudioVersion = 10.0.40219.1
Project("{FAE04EC0-301F-11D3-BF4B-00C04F79EFBC}") = "FileUpload", "FileUpload\FileUpload.csproj", "{A2B8FBA8-9506-4158-AC1D-19F0921189A2}"
EndProject
Project("{FAE04EC0-301F-11D3-BF4B-00C04F79EFBC}") = "Lyu.Core", "Lyu.Core\Lyu.Core.csproj", "{5D202E29-6085-4C51-9B5B-5F17E5227CE9}"
EndProject
Project("{FAE04EC0-301F-11D3-BF4B-00C04F79EFBC}") = "Lyu.Web", "Lyu.Web\Lyu.Web.csproj", "{25DCDC53-023F-46E7-8290-2E1BC170855D}"
EndProject
Global
	GlobalSection(SolutionConfigurationPlatforms) = preSolution
		Debug|Any CPU = Debug|Any CPU
		Release|Any CPU = Release|Any CPU
	EndGlobalSection
	GlobalSection(ProjectConfigurationPlatforms) = postSolution
		{A2B8FBA8-9506-4158-AC1D-19F0921189A2}.Debug|Any CPU.ActiveCfg = Debug|Any CPU
		{A2B8FBA8-9506-4158-AC1D-19F0921189A2}.Debug|Any CPU.Build.0 = Debug|Any CPU
		{A2B8FBA8-9506-4158-AC1D-19F0921189A2}.Release|Any CPU.ActiveCfg = Release|Any CPU
		{A2B8FBA8-9506-4158-AC1D-19F0921189A2}.Release|Any CPU.Build.0 = Release|Any CPU
		{5D202E29-6085-4C51-9B5B-5F17E5227CE9}.Debug|Any CPU.ActiveCfg = Debug|Any CPU
		{5D202E29-6085-4C51-9B5B-5F17E5227CE9}.Debug|Any CPU.Build.0 = Debug|Any CPU
		{5D202E29-6085-4C51-9B5B-5F17E5227CE9}.Release|Any CPU.ActiveCfg = Release|Any CPU
		{5D202E29-6085-4C51-9B5B-5F17E5227CE9}.Release|Any CPU.Build.0 = Release|Any CPU
		{25DCDC53-023F-46E7-8290-2E1BC170855D}.Debug|Any CPU.ActiveCfg = Debug|Any CPU
		{25DCDC53-023F-46E7-8290-2E1BC170855D}.Debug|Any CPU.Build.0 = Debug|Any CPU
		{25DCDC53-023F-46E7-8290-2E1BC170855D}.Release|Any CPU.ActiveCfg = Release|Any CPU
		{25DCDC53-023F-46E7-8290-2E1BC170855D}.Release|Any CPU.Build.0 = Release|Any CPU
	EndGlobalSection
	GlobalSection(SolutionProperties) = preSolution
		HideSolutionNode = FALSE
	EndGlobalSection
EndGlobal
